// !$*UTF8*$!
{
	archiveVersion = 1;
	classes = {
	};
	objectVersion = 48;
	objects = {

/* Begin PBXBuildFile section */
		17CB85CB6F0128A5E2A0F311 /* Pods_RunLoopLin.framework in Frameworks */ = {isa = PBXBuildFile; fileRef = 194EE9425D3B8BBC357273A1 /* Pods_RunLoopLin.framework */; };
		631C91B82043221000C64BBA /* LINThread.m in Sources */ = {isa = PBXBuildFile; fileRef = 631C91B72043221000C64BBA /* LINThread.m */; };
		63290BA62031EFB30072483F /* AppDelegate.m in Sources */ = {isa = PBXBuildFile; fileRef = 63290BA52031EFB30072483F /* AppDelegate.m */; };
		63290BA92031EFB30072483F /* ViewController.m in Sources */ = {isa = PBXBuildFile; fileRef = 63290BA82031EFB30072483F /* ViewController.m */; };
		63290BAC2031EFB30072483F /* Main.storyboard in Resources */ = {isa = PBXBuildFile; fileRef = 63290BAA2031EFB30072483F /* Main.storyboard */; };
		63290BAE2031EFB30072483F /* Assets.xcassets in Resources */ = {isa = PBXBuildFile; fileRef = 63290BAD2031EFB30072483F /* Assets.xcassets */; };
		63290BB12031EFB30072483F /* LaunchScreen.storyboard in Resources */ = {isa = PBXBuildFile; fileRef = 63290BAF2031EFB30072483F /* LaunchScreen.storyboard */; };
		63290BB42031EFB30072483F /* main.m in Sources */ = {isa = PBXBuildFile; fileRef = 63290BB32031EFB30072483F /* main.m */; };
		63290BBE2031EFB30072483F /* RunLoopLinTests.m in Sources */ = {isa = PBXBuildFile; fileRef = 63290BBD2031EFB30072483F /* RunLoopLinTests.m */; };
		63290BC92031EFB40072483F /* RunLoopLinUITests.m in Sources */ = {isa = PBXBuildFile; fileRef = 63290BC82031EFB40072483F /* RunLoopLinUITests.m */; };
		699BCAD42051C039009DCFC6 /* NSArray+IndexCheck.m in Sources */ = {isa = PBXBuildFile; fileRef = 699BCAD32051C039009DCFC6 /* NSArray+IndexCheck.m */; };
/* End PBXBuildFile section */

/* Begin PBXContainerItemProxy section */
		63290BBA2031EFB30072483F /* PBXContainerItemProxy */ = {
			isa = PBXContainerItemProxy;
			containerPortal = 63290B992031EFB30072483F /* Project object */;
			proxyType = 1;
			remoteGlobalIDString = 63290BA02031EFB30072483F;
			remoteInfo = RunLoopLin;
		};
		63290BC52031EFB40072483F /* PBXContainerItemProxy */ = {
			isa = PBXContainerItemProxy;
			containerPortal = 63290B992031EFB30072483F /* Project object */;
			proxyType = 1;
			remoteGlobalIDString = 63290BA02031EFB30072483F;
			remoteInfo = RunLoopLin;
		};
/* End PBXContainerItemProxy section */

/* Begin PBXFileReference section */
		194EE9425D3B8BBC357273A1 /* Pods_RunLoopLin.framework */ = {isa = PBXFileReference; explicitFileType = wrapper.framework; includeInIndex = 0; path = Pods_RunLoopLin.framework; sourceTree = BUILT_PRODUCTS_DIR; };
		2C8C23B16D2032700EDAB0EF /* Pods-RunLoopLin.release.xcconfig */ = {isa = PBXFileReference; includeInIndex = 1; lastKnownFileType = text.xcconfig; name = "Pods-RunLoopLin.release.xcconfig"; path = "Pods/Target Support Files/Pods-RunLoopLin/Pods-RunLoopLin.release.xcconfig"; sourceTree = "<group>"; };
		631C91B62043221000C64BBA /* LINThread.h */ = {isa = PBXFileReference; lastKnownFileType = sourcecode.c.h; path = LINThread.h; sourceTree = "<group>"; };
		631C91B72043221000C64BBA /* LINThread.m */ = {isa = PBXFileReference; lastKnownFileType = sourcecode.c.objc; path = LINThread.m; sourceTree = "<group>"; };
		63290BA12031EFB30072483F /* RunLoopLin.app */ = {isa = PBXFileReference; explicitFileType = wrapper.application; includeInIndex = 0; path = RunLoopLin.app; sourceTree = BUILT_PRODUCTS_DIR; };
		63290BA42031EFB30072483F /* AppDelegate.h */ = {isa = PBXFileReference; lastKnownFileType = sourcecode.c.h; path = AppDelegate.h; sourceTree = "<group>"; };
		63290BA52031EFB30072483F /* AppDelegate.m */ = {isa = PBXFileReference; lastKnownFileType = sourcecode.c.objc; path = AppDelegate.m; sourceTree = "<group>"; };
		63290BA72031EFB30072483F /* ViewController.h */ = {isa = PBXFileReference; lastKnownFileType = sourcecode.c.h; path = ViewController.h; sourceTree = "<group>"; };
		63290BA82031EFB30072483F /* ViewController.m */ = {isa = PBXFileReference; lastKnownFileType = sourcecode.c.objc; path = ViewController.m; sourceTree = "<group>"; };
		63290BAB2031EFB30072483F /* Base */ = {isa = PBXFileReference; lastKnownFileType = file.storyboard; name = Base; path = Base.lproj/Main.storyboard; sourceTree = "<group>"; };
		63290BAD2031EFB30072483F /* Assets.xcassets */ = {isa = PBXFileReference; lastKnownFileType = folder.assetcatalog; path = Assets.xcassets; sourceTree = "<group>"; };
		63290BB02031EFB30072483F /* Base */ = {isa = PBXFileReference; lastKnownFileType = file.storyboard; name = Base; path = Base.lproj/LaunchScreen.storyboard; sourceTree = "<group>"; };
		63290BB22031EFB30072483F /* Info.plist */ = {isa = PBXFileReference; lastKnownFileType = text.plist.xml; path = Info.plist; sourceTree = "<group>"; };
		63290BB32031EFB30072483F /* main.m */ = {isa = PBXFileReference; lastKnownFileType = sourcecode.c.objc; path = main.m; sourceTree = "<group>"; };
		63290BB92031EFB30072483F /* RunLoopLinTests.xctest */ = {isa = PBXFileReference; explicitFileType = wrapper.cfbundle; includeInIndex = 0; path = RunLoopLinTests.xctest; sourceTree = BUILT_PRODUCTS_DIR; };
		63290BBD2031EFB30072483F /* RunLoopLinTests.m */ = {isa = PBXFileReference; lastKnownFileType = sourcecode.c.objc; path = RunLoopLinTests.m; sourceTree = "<group>"; };
		63290BBF2031EFB30072483F /* Info.plist */ = {isa = PBXFileReference; lastKnownFileType = text.plist.xml; path = Info.plist; sourceTree = "<group>"; };
		63290BC42031EFB40072483F /* RunLoopLinUITests.xctest */ = {isa = PBXFileReference; explicitFileType = wrapper.cfbundle; includeInIndex = 0; path = RunLoopLinUITests.xctest; sourceTree = BUILT_PRODUCTS_DIR; };
		63290BC82031EFB40072483F /* RunLoopLinUITests.m */ = {isa = PBXFileReference; lastKnownFileType = sourcecode.c.objc; path = RunLoopLinUITests.m; sourceTree = "<group>"; };
		63290BCA2031EFB40072483F /* Info.plist */ = {isa = PBXFileReference; lastKnownFileType = text.plist.xml; path = Info.plist; sourceTree = "<group>"; };
		699BCAD22051C039009DCFC6 /* NSArray+IndexCheck.h */ = {isa = PBXFileReference; lastKnownFileType = sourcecode.c.h; path = "NSArray+IndexCheck.h"; sourceTree = "<group>"; };
		699BCAD32051C039009DCFC6 /* NSArray+IndexCheck.m */ = {isa = PBXFileReference; lastKnownFileType = sourcecode.c.objc; path = "NSArray+IndexCheck.m"; sourceTree = "<group>"; };
		CF498C5002A4DEEE0D641EE1 /* Pods-RunLoopLin.debug.xcconfig */ = {isa = PBXFileReference; includeInIndex = 1; lastKnownFileType = text.xcconfig; name = "Pods-RunLoopLin.debug.xcconfig"; path = "Pods/Target Support Files/Pods-RunLoopLin/Pods-RunLoopLin.debug.xcconfig"; sourceTree = "<group>"; };
/* End PBXFileReference section */

/* Begin PBXFrameworksBuildPhase section */
		63290B9E2031EFB30072483F /* Frameworks */ = {
			isa = PBXFrameworksBuildPhase;
			buildActionMask = 2147483647;
			files = (
				17CB85CB6F0128A5E2A0F311 /* Pods_RunLoopLin.framework in Frameworks */,
			);
			runOnlyForDeploymentPostprocessing = 0;
		};
		63290BB62031EFB30072483F /* Frameworks */ = {
			isa = PBXFrameworksBuildPhase;
			buildActionMask = 2147483647;
			files = (
			);
			runOnlyForDeploymentPostprocessing = 0;
		};
		63290BC12031EFB40072483F /* Frameworks */ = {
			isa = PBXFrameworksBuildPhase;
			buildActionMask = 2147483647;
			files = (
			);
			runOnlyForDeploymentPostprocessing = 0;
		};
/* End PBXFrameworksBuildPhase section */

/* Begin PBXGroup section */
		2A05578BA265227855503480 /* Frameworks */ = {
			isa = PBXGroup;
			children = (
				194EE9425D3B8BBC357273A1 /* Pods_RunLoopLin.framework */,
			);
			name = Frameworks;
			sourceTree = "<group>";
		};
		3E10181E520D9124AA372B0A /* Pods */ = {
			isa = PBXGroup;
			children = (
				CF498C5002A4DEEE0D641EE1 /* Pods-RunLoopLin.debug.xcconfig */,
				2C8C23B16D2032700EDAB0EF /* Pods-RunLoopLin.release.xcconfig */,
			);
			name = Pods;
			sourceTree = "<group>";
		};
		63290B982031EFB30072483F = {
			isa = PBXGroup;
			children = (
				63290BA32031EFB30072483F /* RunLoopLin */,
				63290BBC2031EFB30072483F /* RunLoopLinTests */,
				63290BC72031EFB40072483F /* RunLoopLinUITests */,
				63290BA22031EFB30072483F /* Products */,
				3E10181E520D9124AA372B0A /* Pods */,
				2A05578BA265227855503480 /* Frameworks */,
			);
			sourceTree = "<group>";
		};
		63290BA22031EFB30072483F /* Products */ = {
			isa = PBXGroup;
			children = (
				63290BA12031EFB30072483F /* RunLoopLin.app */,
				63290BB92031EFB30072483F /* RunLoopLinTests.xctest */,
				63290BC42031EFB40072483F /* RunLoopLinUITests.xctest */,
			);
			name = Products;
			sourceTree = "<group>";
		};
		63290BA32031EFB30072483F /* RunLoopLin */ = {
			isa = PBXGroup;
			children = (
				699BCAD22051C039009DCFC6 /* NSArray+IndexCheck.h */,
				699BCAD32051C039009DCFC6 /* NSArray+IndexCheck.m */,
				63290BA42031EFB30072483F /* AppDelegate.h */,
				63290BA52031EFB30072483F /* AppDelegate.m */,
				63290BA72031EFB30072483F /* ViewController.h */,
				63290BA82031EFB30072483F /* ViewController.m */,
				631C91B62043221000C64BBA /* LINThread.h */,
				631C91B72043221000C64BBA /* LINThread.m */,
				63290BAA2031EFB30072483F /* Main.storyboard */,
				63290BAD2031EFB30072483F /* Assets.xcassets */,
				63290BAF2031EFB30072483F /* LaunchScreen.storyboard */,
				63290BB22031EFB30072483F /* Info.plist */,
				63290BB32031EFB30072483F /* main.m */,
			);
			path = RunLoopLin;
			sourceTree = "<group>";
		};
		63290BBC2031EFB30072483F /* RunLoopLinTests */ = {
			isa = PBXGroup;
			children = (
				63290BBD2031EFB30072483F /* RunLoopLinTests.m */,
				63290BBF2031EFB30072483F /* Info.plist */,
			);
			path = RunLoopLinTests;
			sourceTree = "<group>";
		};
		63290BC72031EFB40072483F /* RunLoopLinUITests */ = {
			isa = PBXGroup;
			children = (
				63290BC82031EFB40072483F /* RunLoopLinUITests.m */,
				63290BCA2031EFB40072483F /* Info.plist */,
			);
			path = RunLoopLinUITests;
			sourceTree = "<group>";
		};
/* End PBXGroup section */

/* Begin PBXNativeTarget section */
		63290BA02031EFB30072483F /* RunLoopLin */ = {
			isa = PBXNativeTarget;
			buildConfigurationList = 63290BCD2031EFB40072483F /* Build configuration list for PBXNativeTarget "RunLoopLin" */;
			buildPhases = (
				632C2272DCB5658B18D58456 /* [CP] Check Pods Manifest.lock */,
				63290B9D2031EFB30072483F /* Sources */,
				63290B9E2031EFB30072483F /* Frameworks */,
				63290B9F2031EFB30072483F /* Resources */,
				A18BA4E69DBA5DE6655CAA99 /* [CP] Embed Pods Frameworks */,
				BA7B0964DD775F4AACA0EA5B /* [CP] Copy Pods Resources */,
			);
			buildRules = (
			);
			dependencies = (
			);
			name = RunLoopLin;
			productName = RunLoopLin;
			productReference = 63290BA12031EFB30072483F /* RunLoopLin.app */;
			productType = "com.apple.product-type.application";
		};
		63290BB82031EFB30072483F /* RunLoopLinTests */ = {
			isa = PBXNativeTarget;
			buildConfigurationList = 63290BD02031EFB40072483F /* Build configuration list for PBXNativeTarget "RunLoopLinTests" */;
			buildPhases = (
				63290BB52031EFB30072483F /* Sources */,
				63290BB62031EFB30072483F /* Frameworks */,
				63290BB72031EFB30072483F /* Resources */,
			);
			buildRules = (
			);
			dependencies = (
				63290BBB2031EFB30072483F /* PBXTargetDependency */,
			);
			name = RunLoopLinTests;
			productName = RunLoopLinTests;
			productReference = 63290BB92031EFB30072483F /* RunLoopLinTests.xctest */;
			productType = "com.apple.product-type.bundle.unit-test";
		};
		63290BC32031EFB40072483F /* RunLoopLinUITests */ = {
			isa = PBXNativeTarget;
			buildConfigurationList = 63290BD32031EFB40072483F /* Build configuration list for PBXNativeTarget "RunLoopLinUITests" */;
			buildPhases = (
				63290BC02031EFB40072483F /* Sources */,
				63290BC12031EFB40072483F /* Frameworks */,
				63290BC22031EFB40072483F /* Resources */,
			);
			buildRules = (
			);
			dependencies = (
				63290BC62031EFB40072483F /* PBXTargetDependency */,
			);
			name = RunLoopLinUITests;
			productName = RunLoopLinUITests;
			productReference = 63290BC42031EFB40072483F /* RunLoopLinUITests.xctest */;
			productType = "com.apple.product-type.bundle.ui-testing";
		};
/* End PBXNativeTarget section */

/* Begin PBXProject section */
		63290B992031EFB30072483F /* Project object */ = {
			isa = PBXProject;
			attributes = {
				LastUpgradeCheck = 0920;
				ORGANIZATIONNAME = buTing;
				TargetAttributes = {
					63290BA02031EFB30072483F = {
						CreatedOnToolsVersion = 9.2;
						ProvisioningStyle = Automatic;
					};
					63290BB82031EFB30072483F = {
						CreatedOnToolsVersion = 9.2;
						ProvisioningStyle = Automatic;
						TestTargetID = 63290BA02031EFB30072483F;
					};
					63290BC32031EFB40072483F = {
						CreatedOnToolsVersion = 9.2;
						ProvisioningStyle = Automatic;
						TestTargetID = 63290BA02031EFB30072483F;
					};
				};
			};
			buildConfigurationList = 63290B9C2031EFB30072483F /* Build configuration list for PBXProject "RunLoopLin" */;
			compatibilityVersion = "Xcode 8.0";
			developmentRegion = en;
			hasScannedForEncodings = 0;
			knownRegions = (
				en,
				Base,
			);
			mainGroup = 63290B982031EFB30072483F;
			productRefGroup = 63290BA22031EFB30072483F /* Products */;
			projectDirPath = "";
			projectRoot = "";
			targets = (
				63290BA02031EFB30072483F /* RunLoopLin */,
				63290BB82031EFB30072483F /* RunLoopLinTests */,
				63290BC32031EFB40072483F /* RunLoopLinUITests */,
			);
		};
/* End PBXProject section */

/* Begin PBXResourcesBuildPhase section */
		63290B9F2031EFB30072483F /* Resources */ = {
			isa = PBXResourcesBuildPhase;
			buildActionMask = 2147483647;
			files = (
				63290BB12031EFB30072483F /* LaunchScreen.storyboard in Resources */,
				63290BAE2031EFB30072483F /* Assets.xcassets in Resources */,
				63290BAC2031EFB30072483F /* Main.storyboard in Resources */,
			);
			runOnlyForDeploymentPostprocessing = 0;
		};
		63290BB72031EFB30072483F /* Resources */ = {
			isa = PBXResourcesBuildPhase;
			buildActionMask = 2147483647;
			files = (
			);
			runOnlyForDeploymentPostprocessing = 0;
		};
		63290BC22031EFB40072483F /* Resources */ = {
			isa = PBXResourcesBuildPhase;
			buildActionMask = 2147483647;
			files = (
			);
			runOnlyForDeploymentPostprocessing = 0;
		};
/* End PBXResourcesBuildPhase section */

/* Begin PBXShellScriptBuildPhase section */
		632C2272DCB5658B18D58456 /* [CP] Check Pods Manifest.lock */ = {
			isa = PBXShellScriptBuildPhase;
			buildActionMask = 2147483647;
			files = (
			);
			inputPaths = (
				"${PODS_PODFILE_DIR_PATH}/Podfile.lock",
				"${PODS_ROOT}/Manifest.lock",
			);
			name = "[CP] Check Pods Manifest.lock";
			outputPaths = (
				"$(DERIVED_FILE_DIR)/Pods-RunLoopLin-checkManifestLockResult.txt",
			);
			runOnlyForDeploymentPostprocessing = 0;
			shellPath = /bin/sh;
			shellScript = "diff \"${PODS_PODFILE_DIR_PATH}/Podfile.lock\" \"${PODS_ROOT}/Manifest.lock\" > /dev/null\nif [ $? != 0 ] ; then\n    # print error to STDERR\n    echo \"error: The sandbox is not in sync with the Podfile.lock. Run 'pod install' or update your CocoaPods installation.\" >&2\n    exit 1\nfi\n# This output is used by Xcode 'outputs' to avoid re-running this script phase.\necho \"SUCCESS\" > \"${SCRIPT_OUTPUT_FILE_0}\"\n";
			showEnvVarsInLog = 0;
		};
		A18BA4E69DBA5DE6655CAA99 /* [CP] Embed Pods Frameworks */ = {
			isa = PBXShellScriptBuildPhase;
			buildActionMask = 2147483647;
			files = (
			);
			inputPaths = (
				"${SRCROOT}/Pods/Target Support Files/Pods-RunLoopLin/Pods-RunLoopLin-frameworks.sh",
				"${BUILT_PRODUCTS_DIR}/FMDB/FMDB.framework",
				"${BUILT_PRODUCTS_DIR}/SDWebImage/SDWebImage.framework",
			);
			name = "[CP] Embed Pods Frameworks";
			outputPaths = (
				"${TARGET_BUILD_DIR}/${FRAMEWORKS_FOLDER_PATH}/FMDB.framework",
				"${TARGET_BUILD_DIR}/${FRAMEWORKS_FOLDER_PATH}/SDWebImage.framework",
			);
			runOnlyForDeploymentPostprocessing = 0;
			shellPath = /bin/sh;
			shellScript = "\"${SRCROOT}/Pods/Target Support Files/Pods-RunLoopLin/Pods-RunLoopLin-frameworks.sh\"\n";
			showEnvVarsInLog = 0;
		};
		BA7B0964DD775F4AACA0EA5B /* [CP] Copy Pods Resources */ = {
			isa = PBXShellScriptBuildPhase;
			buildActionMask = 2147483647;
			files = (
			);
			inputPaths = (
			);
			name = "[CP] Copy Pods Resources";
			outputPaths = (
			);
			runOnlyForDeploymentPostprocessing = 0;
			shellPath = /bin/sh;
			shellScript = "\"${SRCROOT}/Pods/Target Support Files/Pods-RunLoopLin/Pods-RunLoopLin-resources.sh\"\n";
			showEnvVarsInLog = 0;
		};
/* End PBXShellScriptBuildPhase section */

/* Begin PBXSourcesBuildPhase section */
		63290B9D2031EFB30072483F /* Sources */ = {
			isa = PBXSourcesBuildPhase;
			buildActionMask = 2147483647;
			files = (
				63290BA92031EFB30072483F /* ViewController.m in Sources */,
				699BCAD42051C039009DCFC6 /* NSArray+IndexCheck.m in Sources */,
				631C91B82043221000C64BBA /* LINThread.m in Sources */,
				63290BB42031EFB30072483F /* main.m in Sources */,
				63290BA62031EFB30072483F /* AppDelegate.m in Sources */,
			);
			runOnlyForDeploymentPostprocessing = 0;
		};
		63290BB52031EFB30072483F /* Sources */ = {
			isa = PBXSourcesBuildPhase;
			buildActionMask = 2147483647;
			files = (
				63290BBE2031EFB30072483F /* RunLoopLinTests.m in Sources */,
			);
			runOnlyForDeploymentPostprocessing = 0;
		};
		63290BC02031EFB40072483F /* Sources */ = {
			isa = PBXSourcesBuildPhase;
			buildActionMask = 2147483647;
			files = (
				63290BC92031EFB40072483F /* RunLoopLinUITests.m in Sources */,
			);
			runOnlyForDeploymentPostprocessing = 0;
		};
/* End PBXSourcesBuildPhase section */

/* Begin PBXTargetDependency section */
		63290BBB2031EFB30072483F /* PBXTargetDependency */ = {
			isa = PBXTargetDependency;
			target = 63290BA02031EFB30072483F /* RunLoopLin */;
			targetProxy = 63290BBA2031EFB30072483F /* PBXContainerItemProxy */;
		};
		63290BC62031EFB40072483F /* PBXTargetDependency */ = {
			isa = PBXTargetDependency;
			target = 63290BA02031EFB30072483F /* RunLoopLin */;
			targetProxy = 63290BC52031EFB40072483F /* PBXContainerItemProxy */;
		};
/* End PBXTargetDependency section */

/* Begin PBXVariantGroup section */
		63290BAA2031EFB30072483F /* Main.storyboard */ = {
			isa = PBXVariantGroup;
			children = (
				63290BAB2031EFB30072483F /* Base */,
			);
			name = Main.storyboard;
			sourceTree = "<group>";
		};
		63290BAF2031EFB30072483F /* LaunchScreen.storyboard */ = {
			isa = PBXVariantGroup;
			children = (
				63290BB02031EFB30072483F /* Base */,
			);
			name = LaunchScreen.storyboard;
			sourceTree = "<group>";
		};
/* End PBXVariantGroup section */

/* Begin XCBuildConfiguration section */
		63290BCB2031EFB40072483F /* Debug */ = {
			isa = XCBuildConfiguration;
			buildSettings = {
				ALWAYS_SEARCH_USER_PATHS = NO;
				CLANG_ANALYZER_NONNULL = YES;
				CLANG_ANALYZER_NUMBER_OBJECT_CONVERSION = YES_AGGRESSIVE;
				CLANG_CXX_LANGUAGE_STANDARD = "gnu++14";
				CLANG_CXX_LIBRARY = "libc++";
				CLANG_ENABLE_MODULES = YES;
				CLANG_ENABLE_OBJC_ARC = YES;
				CLANG_WARN_BLOCK_CAPTURE_AUTORELEASING = YES;
				CLANG_WARN_BOOL_CONVERSION = YES;
				CLANG_WARN_COMMA = YES;
				CLANG_WARN_CONSTANT_CONVERSION = YES;
				CLANG_WARN_DIRECT_OBJC_ISA_USAGE = YES_ERROR;
				CLANG_WARN_DOCUMENTATION_COMMENTS = YES;
				CLANG_WARN_EMPTY_BODY = YES;
				CLANG_WARN_ENUM_CONVERSION = YES;
				CLANG_WARN_INFINITE_RECURSION = YES;
				CLANG_WARN_INT_CONVERSION = YES;
				CLANG_WARN_NON_LITERAL_NULL_CONVERSION = YES;
				CLANG_WARN_OBJC_LITERAL_CONVERSION = YES;
				CLANG_WARN_OBJC_ROOT_CLASS = YES_ERROR;
				CLANG_WARN_RANGE_LOOP_ANALYSIS = YES;
				CLANG_WARN_STRICT_PROTOTYPES = YES;
				CLANG_WARN_SUSPICIOUS_MOVE = YES;
				CLANG_WARN_UNGUARDED_AVAILABILITY = YES_AGGRESSIVE;
				CLANG_WARN_UNREACHABLE_CODE = YES;
				CLANG_WARN__DUPLICATE_METHOD_MATCH = YES;
				CODE_SIGN_IDENTITY = "iPhone Developer";
				COPY_PHASE_STRIP = NO;
				DEBUG_INFORMATION_FORMAT = dwarf;
				ENABLE_STRICT_OBJC_MSGSEND = YES;
				ENABLE_TESTABILITY = YES;
				GCC_C_LANGUAGE_STANDARD = gnu11;
				GCC_DYNAMIC_NO_PIC = NO;
				GCC_NO_COMMON_BLOCKS = YES;
				GCC_OPTIMIZATION_LEVEL = 0;
				GCC_PREPROCESSOR_DEFINITIONS = (
					"DEBUG=1",
					"$(inherited)",
				);
				GCC_WARN_64_TO_32_BIT_CONVERSION = YES;
				GCC_WARN_ABOUT_RETURN_TYPE = YES_ERROR;
				GCC_WARN_UNDECLARED_SELECTOR = YES;
				GCC_WARN_UNINITIALIZED_AUTOS = YES_AGGRESSIVE;
				GCC_WARN_UNUSED_FUNCTION = YES;
				GCC_WARN_UNUSED_VARIABLE = YES;
				IPHONEOS_DEPLOYMENT_TARGET = 11.2;
				MTL_ENABLE_DEBUG_INFO = YES;
				ONLY_ACTIVE_ARCH = YES;
				SDKROOT = iphoneos;
			};
			name = Debug;
		};
		63290BCC2031EFB40072483F /* Release */ = {
			isa = XCBuildConfiguration;
			buildSettings = {
				ALWAYS_SEARCH_USER_PATHS = NO;
				CLANG_ANALYZER_NONNULL = YES;
				CLANG_ANALYZER_NUMBER_OBJECT_CONVERSION = YES_AGGRESSIVE;
				CLANG_CXX_LANGUAGE_STANDARD = "gnu++14";
				CLANG_CXX_LIBRARY = "libc++";
				CLANG_ENABLE_MODULES = YES;
				CLANG_ENABLE_OBJC_ARC = YES;
				CLANG_WARN_BLOCK_CAPTURE_AUTORELEASING = YES;
				CLANG_WARN_BOOL_CONVERSION = YES;
				CLANG_WARN_COMMA = YES;
				CLANG_WARN_CONSTANT_CONVERSION = YES;
				CLANG_WARN_DIRECT_OBJC_ISA_USAGE = YES_ERROR;
				CLANG_WARN_DOCUMENTATION_COMMENTS = YES;
				CLANG_WARN_EMPTY_BODY = YES;
				CLANG_WARN_ENUM_CONVERSION = YES;
				CLANG_WARN_INFINITE_RECURSION = YES;
				CLANG_WARN_INT_CONVERSION = YES;
				CLANG_WARN_NON_LITERAL_NULL_CONVERSION = YES;
				CLANG_WARN_OBJC_LITERAL_CONVERSION = YES;
				CLANG_WARN_OBJC_ROOT_CLASS = YES_ERROR;
				CLANG_WARN_RANGE_LOOP_ANALYSIS = YES;
				CLANG_WARN_STRICT_PROTOTYPES = YES;
				CLANG_WARN_SUSPICIOUS_MOVE = YES;
				CLANG_WARN_UNGUARDED_AVAILABILITY = YES_AGGRESSIVE;
				CLANG_WARN_UNREACHABLE_CODE = YES;
				CLANG_WARN__DUPLICATE_METHOD_MATCH = YES;
				CODE_SIGN_IDENTITY = "iPhone Developer";
				COPY_PHASE_STRIP = NO;
				DEBUG_INFORMATION_FORMAT = "dwarf-with-dsym";
				ENABLE_NS_ASSERTIONS = NO;
				ENABLE_STRICT_OBJC_MSGSEND = YES;
				GCC_C_LANGUAGE_STANDARD = gnu11;
				GCC_NO_COMMON_BLOCKS = YES;
				GCC_WARN_64_TO_32_BIT_CONVERSION = YES;
				GCC_WARN_ABOUT_RETURN_TYPE = YES_ERROR;
				GCC_WARN_UNDECLARED_SELECTOR = YES;
				GCC_WARN_UNINITIALIZED_AUTOS = YES_AGGRESSIVE;
				GCC_WARN_UNUSED_FUNCTION = YES;
				GCC_WARN_UNUSED_VARIABLE = YES;
				IPHONEOS_DEPLOYMENT_TARGET = 11.2;
				MTL_ENABLE_DEBUG_INFO = NO;
				SDKROOT = iphoneos;
				VALIDATE_PRODUCT = YES;
			};
			name = Release;
		};
		63290BCE2031EFB40072483F /* Debug */ = {
			isa = XCBuildConfiguration;
			baseConfigurationReference = CF498C5002A4DEEE0D641EE1 /* Pods-RunLoopLin.debug.xcconfig */;
			buildSettings = {
				ASSETCATALOG_COMPILER_APPICON_NAME = AppIcon;
				CODE_SIGN_STYLE = Automatic;
				DEVELOPMENT_TEAM = WG4Q73R8TW;
				INFOPLIST_FILE = RunLoopLin/Info.plist;
				LD_RUNPATH_SEARCH_PATHS = "$(inherited) @executable_path/Frameworks";
				PRODUCT_BUNDLE_IDENTIFIER = com.lin.cn.RunLoopLin;
				PRODUCT_NAME = "$(TARGET_NAME)";
				TARGETED_DEVICE_FAMILY = "1,2";
			};
			name = Debug;
		};
		63290BCF2031EFB40072483F /* Release */ = {
			isa = XCBuildConfiguration;
			baseConfigurationReference = 2C8C23B16D2032700EDAB0EF /* Pods-RunLoopLin.release.xcconfig */;
			buildSettings = {
				ASSETCATALOG_COMPILER_APPICON_NAME = AppIcon;
				CODE_SIGN_STYLE = Automatic;
				DEVELOPMENT_TEAM = WG4Q73R8TW;
				INFOPLIST_FILE = RunLoopLin/Info.plist;
				LD_RUNPATH_SEARCH_PATHS = "$(inherited) @executable_path/Frameworks";
				PRODUCT_BUNDLE_IDENTIFIER = com.lin.cn.RunLoopLin;
				PRODUCT_NAME = "$(TARGET_NAME)";
				TARGETED_DEVICE_FAMILY = "1,2";
			};
			name = Release;
		};
		63290BD12031EFB40072483F /* Debug */ = {
			isa = XCBuildConfiguration;
			buildSettings = {
				BUNDLE_LOADER = "$(TEST_HOST)";
				CODE_SIGN_STYLE = Automatic;
				INFOPLIST_FILE = RunLoopLinTests/Info.plist;
				LD_RUNPATH_SEARCH_PATHS = "$(inherited) @executable_path/Frameworks @loader_path/Frameworks";
				PRODUCT_BUNDLE_IDENTIFIER = com.lin.cn.RunLoopLinTests;
				PRODUCT_NAME = "$(TARGET_NAME)";
				TARGETED_DEVICE_FAMILY = "1,2";
				TEST_HOST = "$(BUILT_PRODUCTS_DIR)/RunLoopLin.app/RunLoopLin";
			};
			name = Debug;
		};
		63290BD22031EFB40072483F /* Release */ = {
			isa = XCBuildConfiguration;
			buildSettings = {
				BUNDLE_LOADER = "$(TEST_HOST)";
				CODE_SIGN_STYLE = Automatic;
				INFOPLIST_FILE = RunLoopLinTests/Info.plist;
				LD_RUNPATH_SEARCH_PATHS = "$(inherited) @executable_path/Frameworks @loader_path/Frameworks";
				PRODUCT_BUNDLE_IDENTIFIER = com.lin.cn.RunLoopLinTests;
				PRODUCT_NAME = "$(TARGET_NAME)";
				TARGETED_DEVICE_FAMILY = "1,2";
				TEST_HOST = "$(BUILT_PRODUCTS_DIR)/RunLoopLin.app/RunLoopLin";
			};
			name = Release;
		};
		63290BD42031EFB40072483F /* Debug */ = {
			isa = XCBuildConfiguration;
			buildSettings = {
				CODE_SIGN_STYLE = Automatic;
				INFOPLIST_FILE = RunLoopLinUITests/Info.plist;
				LD_RUNPATH_SEARCH_PATHS = "$(inherited) @executable_path/Frameworks @loader_path/Frameworks";
				PRODUCT_BUNDLE_IDENTIFIER = com.lin.cn.RunLoopLinUITests;
				PRODUCT_NAME = "$(TARGET_NAME)";
				TARGETED_DEVICE_FAMILY = "1,2";
				TEST_TARGET_NAME = RunLoopLin;
			};
			name = Debug;
		};
		63290BD52031EFB40072483F /* Release */ = {
			isa = XCBuildConfiguration;
			buildSettings = {
				CODE_SIGN_STYLE = Automatic;
				INFOPLIST_FILE = RunLoopLinUITests/Info.plist;
				LD_RUNPATH_SEARCH_PATHS = "$(inherited) @executable_path/Frameworks @loader_path/Frameworks";
				PRODUCT_BUNDLE_IDENTIFIER = com.lin.cn.RunLoopLinUITests;
				PRODUCT_NAME = "$(TARGET_NAME)";
				TARGETED_DEVICE_FAMILY = "1,2";
				TEST_TARGET_NAME = RunLoopLin;
			};
			name = Release;
		};
/* End XCBuildConfiguration section */

/* Begin XCConfigurationList section */
		63290B9C2031EFB30072483F /* Build configuration list for PBXProject "RunLoopLin" */ = {
			isa = XCConfigurationList;
			buildConfigurations = (
				63290BCB2031EFB40072483F /* Debug */,
				63290BCC2031EFB40072483F /* Release */,
			);
			defaultConfigurationIsVisible = 0;
			defaultConfigurationName = Release;
		};
		63290BCD2031EFB40072483F /* Build configuration list for PBXNativeTarget "RunLoopLin" */ = {
			isa = XCConfigurationList;
			buildConfigurations = (
				63290BCE2031EFB40072483F /* Debug */,
				63290BCF2031EFB40072483F /* Release */,
			);
			defaultConfigurationIsVisible = 0;
			defaultConfigurationName = Release;
		};
		63290BD02031EFB40072483F /* Build configuration list for PBXNativeTarget "RunLoopLinTests" */ = {
			isa = XCConfigurationList;
			buildConfigurations = (
				63290BD12031EFB40072483F /* Debug */,
				63290BD22031EFB40072483F /* Release */,
			);
			defaultConfigurationIsVisible = 0;
			defaultConfigurationName = Release;
		};
		63290BD32031EFB40072483F /* Build configuration list for PBXNativeTarget "RunLoopLinUITests" */ = {
			isa = XCConfigurationList;
			buildConfigurations = (
				63290BD42031EFB40072483F /* Debug */,
				63290BD52031EFB40072483F /* Release */,
			);
			defaultConfigurationIsVisible = 0;
			defaultConfigurationName = Release;
		};
/* End XCConfigurationList section */
	};
	rootObject = 63290B992031EFB30072483F /* Project object */;
}
